// !$*UTF8*$!
{
	archiveVersion = 1;
	classes = {
	};
	objectVersion = 56;
	objects = {

/* Begin PBXBuildFile section */
		CE0A6F9A2C8F63F500C00E63 /* Graph.swift in Sources */ = {isa = PBXBuildFile; fileRef = CE0A6F992C8F63F500C00E63 /* Graph.swift */; };
		CE0A6F9C2C90DD8D00C00E63 /* AdjacencyList.swift in Sources */ = {isa = PBXBuildFile; fileRef = CE0A6F9B2C90DD8D00C00E63 /* AdjacencyList.swift */; };
		CE127CEB2C83775F0051614B /* AppDelegate.swift in Sources */ = {isa = PBXBuildFile; fileRef = CE127CEA2C83775F0051614B /* AppDelegate.swift */; };
		CE127CED2C83775F0051614B /* SceneDelegate.swift in Sources */ = {isa = PBXBuildFile; fileRef = CE127CEC2C83775F0051614B /* SceneDelegate.swift */; };
		CE127CEF2C83775F0051614B /* ViewController.swift in Sources */ = {isa = PBXBuildFile; fileRef = CE127CEE2C83775F0051614B /* ViewController.swift */; };
		CE127CF22C83775F0051614B /* Base in Resources */ = {isa = PBXBuildFile; fileRef = CE127CF12C83775F0051614B /* Base */; };
		CE127CF42C8377620051614B /* Assets.xcassets in Resources */ = {isa = PBXBuildFile; fileRef = CE127CF32C8377620051614B /* Assets.xcassets */; };
		CE127CF72C8377620051614B /* Base in Resources */ = {isa = PBXBuildFile; fileRef = CE127CF62C8377620051614B /* Base */; };
		CE127CFF2C8377DE0051614B /* Stack.swift in Sources */ = {isa = PBXBuildFile; fileRef = CE127CFE2C8377DE0051614B /* Stack.swift */; };
		CE127D012C83789F0051614B /* Queue.swift in Sources */ = {isa = PBXBuildFile; fileRef = CE127D002C83789F0051614B /* Queue.swift */; };
		CE127D032C87B2ED0051614B /* LinkList.swift in Sources */ = {isa = PBXBuildFile; fileRef = CE127D022C87B2ED0051614B /* LinkList.swift */; };
		CE127D052C87B9230051614B /* Sort.swift in Sources */ = {isa = PBXBuildFile; fileRef = CE127D042C87B9230051614B /* Sort.swift */; };
		CE127D072C87B9390051614B /* Search.swift in Sources */ = {isa = PBXBuildFile; fileRef = CE127D062C87B9390051614B /* Search.swift */; };
		CE600B8B2C97314200DC7D60 /* Tries.swift in Sources */ = {isa = PBXBuildFile; fileRef = CE600B8A2C97314200DC7D60 /* Tries.swift */; };
		CE600B8D2C975C5E00DC7D60 /* Prim.swift in Sources */ = {isa = PBXBuildFile; fileRef = CE600B8C2C975C5E00DC7D60 /* Prim.swift */; };
		CE78089A2C89ED5B00BADE99 /* HashTable.swift in Sources */ = {isa = PBXBuildFile; fileRef = CE7808992C89ED5B00BADE99 /* HashTable.swift */; };
		CE78089C2C8A577200BADE99 /* Tree.swift in Sources */ = {isa = PBXBuildFile; fileRef = CE78089B2C8A577200BADE99 /* Tree.swift */; };
		CED369042C933D4600B8B1F2 /* Heap.swift in Sources */ = {isa = PBXBuildFile; fileRef = CED369032C933D4600B8B1F2 /* Heap.swift */; };
		CED369062C93870E00B8B1F2 /* PriorityQueue.swift in Sources */ = {isa = PBXBuildFile; fileRef = CED369052C93870E00B8B1F2 /* PriorityQueue.swift */; };
		CED369082C94A44900B8B1F2 /* Dijkstra.swift in Sources */ = {isa = PBXBuildFile; fileRef = CED369072C94A44900B8B1F2 /* Dijkstra.swift */; };
/* End PBXBuildFile section */

/* Begin PBXFileReference section */
		CE0A6F992C8F63F500C00E63 /* Graph.swift */ = {isa = PBXFileReference; lastKnownFileType = sourcecode.swift; path = Graph.swift; sourceTree = "<group>"; };
		CE0A6F9B2C90DD8D00C00E63 /* AdjacencyList.swift */ = {isa = PBXFileReference; lastKnownFileType = sourcecode.swift; path = AdjacencyList.swift; sourceTree = "<group>"; };
		CE127CE72C83775F0051614B /* DSA.app */ = {isa = PBXFileReference; explicitFileType = wrapper.application; includeInIndex = 0; path = DSA.app; sourceTree = BUILT_PRODUCTS_DIR; };
		CE127CEA2C83775F0051614B /* AppDelegate.swift */ = {isa = PBXFileReference; lastKnownFileType = sourcecode.swift; path = AppDelegate.swift; sourceTree = "<group>"; };
		CE127CEC2C83775F0051614B /* SceneDelegate.swift */ = {isa = PBXFileReference; lastKnownFileType = sourcecode.swift; path = SceneDelegate.swift; sourceTree = "<group>"; };
		CE127CEE2C83775F0051614B /* ViewController.swift */ = {isa = PBXFileReference; lastKnownFileType = sourcecode.swift; path = ViewController.swift; sourceTree = "<group>"; };
		CE127CF12C83775F0051614B /* Base */ = {isa = PBXFileReference; lastKnownFileType = file.storyboard; name = Base; path = Base.lproj/Main.storyboard; sourceTree = "<group>"; };
		CE127CF32C8377620051614B /* Assets.xcassets */ = {isa = PBXFileReference; lastKnownFileType = folder.assetcatalog; path = Assets.xcassets; sourceTree = "<group>"; };
		CE127CF62C8377620051614B /* Base */ = {isa = PBXFileReference; lastKnownFileType = file.storyboard; name = Base; path = Base.lproj/LaunchScreen.storyboard; sourceTree = "<group>"; };
		CE127CF82C8377620051614B /* Info.plist */ = {isa = PBXFileReference; lastKnownFileType = text.plist.xml; path = Info.plist; sourceTree = "<group>"; };
		CE127CFE2C8377DE0051614B /* Stack.swift */ = {isa = PBXFileReference; lastKnownFileType = sourcecode.swift; path = Stack.swift; sourceTree = "<group>"; };
		CE127D002C83789F0051614B /* Queue.swift */ = {isa = PBXFileReference; lastKnownFileType = sourcecode.swift; path = Queue.swift; sourceTree = "<group>"; };
		CE127D022C87B2ED0051614B /* LinkList.swift */ = {isa = PBXFileReference; lastKnownFileType = sourcecode.swift; path = LinkList.swift; sourceTree = "<group>"; };
		CE127D042C87B9230051614B /* Sort.swift */ = {isa = PBXFileReference; lastKnownFileType = sourcecode.swift; path = Sort.swift; sourceTree = "<group>"; };
		CE127D062C87B9390051614B /* Search.swift */ = {isa = PBXFileReference; lastKnownFileType = sourcecode.swift; path = Search.swift; sourceTree = "<group>"; };
		CE600B8A2C97314200DC7D60 /* Tries.swift */ = {isa = PBXFileReference; lastKnownFileType = sourcecode.swift; path = Tries.swift; sourceTree = "<group>"; };
		CE600B8C2C975C5E00DC7D60 /* Prim.swift */ = {isa = PBXFileReference; lastKnownFileType = sourcecode.swift; path = Prim.swift; sourceTree = "<group>"; };
		CE7808992C89ED5B00BADE99 /* HashTable.swift */ = {isa = PBXFileReference; lastKnownFileType = sourcecode.swift; path = HashTable.swift; sourceTree = "<group>"; };
		CE78089B2C8A577200BADE99 /* Tree.swift */ = {isa = PBXFileReference; lastKnownFileType = sourcecode.swift; path = Tree.swift; sourceTree = "<group>"; };
		CED369032C933D4600B8B1F2 /* Heap.swift */ = {isa = PBXFileReference; lastKnownFileType = sourcecode.swift; path = Heap.swift; sourceTree = "<group>"; };
		CED369052C93870E00B8B1F2 /* PriorityQueue.swift */ = {isa = PBXFileReference; lastKnownFileType = sourcecode.swift; path = PriorityQueue.swift; sourceTree = "<group>"; };
		CED369072C94A44900B8B1F2 /* Dijkstra.swift */ = {isa = PBXFileReference; lastKnownFileType = sourcecode.swift; path = Dijkstra.swift; sourceTree = "<group>"; };
/* End PBXFileReference section */

/* Begin PBXFrameworksBuildPhase section */
		CE127CE42C83775F0051614B /* Frameworks */ = {
			isa = PBXFrameworksBuildPhase;
			buildActionMask = 2147483647;
			files = (
			);
			runOnlyForDeploymentPostprocessing = 0;
		};
/* End PBXFrameworksBuildPhase section */

/* Begin PBXGroup section */
		CE127CDE2C83775F0051614B = {
			isa = PBXGroup;
			children = (
				CE127CE92C83775F0051614B /* DSA */,
				CE127CE82C83775F0051614B /* Products */,
			);
			sourceTree = "<group>";
		};
		CE127CE82C83775F0051614B /* Products */ = {
			isa = PBXGroup;
			children = (
				CE127CE72C83775F0051614B /* DSA.app */,
			);
			name = Products;
			sourceTree = "<group>";
		};
		CE127CE92C83775F0051614B /* DSA */ = {
			isa = PBXGroup;
			children = (
				CE127CEA2C83775F0051614B /* AppDelegate.swift */,
				CE127CEC2C83775F0051614B /* SceneDelegate.swift */,
				CE127CEE2C83775F0051614B /* ViewController.swift */,
				CE127D062C87B9390051614B /* Search.swift */,
				CE127CFE2C8377DE0051614B /* Stack.swift */,
				CE127D002C83789F0051614B /* Queue.swift */,
				CE127D042C87B9230051614B /* Sort.swift */,
				CE127D022C87B2ED0051614B /* LinkList.swift */,
				CE127CF02C83775F0051614B /* Main.storyboard */,
				CE7808992C89ED5B00BADE99 /* HashTable.swift */,
				CE78089B2C8A577200BADE99 /* Tree.swift */,
				CE600B8A2C97314200DC7D60 /* Tries.swift */,
				CE0A6F992C8F63F500C00E63 /* Graph.swift */,
				CED369032C933D4600B8B1F2 /* Heap.swift */,
				CE0A6F9B2C90DD8D00C00E63 /* AdjacencyList.swift */,
				CED369052C93870E00B8B1F2 /* PriorityQueue.swift */,
				CED369072C94A44900B8B1F2 /* Dijkstra.swift */,
				CE600B8C2C975C5E00DC7D60 /* Prim.swift */,
				CE127CF32C8377620051614B /* Assets.xcassets */,
				CE127CF52C8377620051614B /* LaunchScreen.storyboard */,
				CE127CF82C8377620051614B /* Info.plist */,
			);
			path = DSA;
			sourceTree = "<group>";
		};
/* End PBXGroup section */

/* Begin PBXNativeTarget section */
		CE127CE62C83775F0051614B /* DSA */ = {
			isa = PBXNativeTarget;
			buildConfigurationList = CE127CFB2C8377620051614B /* Build configuration list for PBXNativeTarget "DSA" */;
			buildPhases = (
				CE127CE32C83775F0051614B /* Sources */,
				CE127CE42C83775F0051614B /* Frameworks */,
				CE127CE52C83775F0051614B /* Resources */,
			);
			buildRules = (
			);
			dependencies = (
			);
			name = DSA;
			productName = DSA;
			productReference = CE127CE72C83775F0051614B /* DSA.app */;
			productType = "com.apple.product-type.application";
		};
/* End PBXNativeTarget section */

/* Begin PBXProject section */
		CE127CDF2C83775F0051614B /* Project object */ = {
			isa = PBXProject;
			attributes = {
				BuildIndependentTargetsInParallel = 1;
				LastSwiftUpdateCheck = 1540;
				LastUpgradeCheck = 1540;
				TargetAttributes = {
					CE127CE62C83775F0051614B = {
						CreatedOnToolsVersion = 15.4;
					};
				};
			};
			buildConfigurationList = CE127CE22C83775F0051614B /* Build configuration list for PBXProject "DSA" */;
			compatibilityVersion = "Xcode 14.0";
			developmentRegion = en;
			hasScannedForEncodings = 0;
			knownRegions = (
				en,
				Base,
			);
			mainGroup = CE127CDE2C83775F0051614B;
			productRefGroup = CE127CE82C83775F0051614B /* Products */;
			projectDirPath = "";
			projectRoot = "";
			targets = (
				CE127CE62C83775F0051614B /* DSA */,
			);
		};
/* End PBXProject section */

/* Begin PBXResourcesBuildPhase section */
		CE127CE52C83775F0051614B /* Resources */ = {
			isa = PBXResourcesBuildPhase;
			buildActionMask = 2147483647;
			files = (
				CE127CF42C8377620051614B /* Assets.xcassets in Resources */,
				CE127CF72C8377620051614B /* Base in Resources */,
				CE127CF22C83775F0051614B /* Base in Resources */,
			);
			runOnlyForDeploymentPostprocessing = 0;
		};
/* End PBXResourcesBuildPhase section */

/* Begin PBXSourcesBuildPhase section */
		CE127CE32C83775F0051614B /* Sources */ = {
			isa = PBXSourcesBuildPhase;
			buildActionMask = 2147483647;
			files = (
				CE0A6F9C2C90DD8D00C00E63 /* AdjacencyList.swift in Sources */,
				CED369042C933D4600B8B1F2 /* Heap.swift in Sources */,
				CE127D012C83789F0051614B /* Queue.swift in Sources */,
				CE127CFF2C8377DE0051614B /* Stack.swift in Sources */,
				CE127CEF2C83775F0051614B /* ViewController.swift in Sources */,
				CED369062C93870E00B8B1F2 /* PriorityQueue.swift in Sources */,
				CE127D032C87B2ED0051614B /* LinkList.swift in Sources */,
				CE127D052C87B9230051614B /* Sort.swift in Sources */,
				CE78089C2C8A577200BADE99 /* Tree.swift in Sources */,
				CE127D072C87B9390051614B /* Search.swift in Sources */,
				CE0A6F9A2C8F63F500C00E63 /* Graph.swift in Sources */,
				CE127CEB2C83775F0051614B /* AppDelegate.swift in Sources */,
				CE600B8D2C975C5E00DC7D60 /* Prim.swift in Sources */,
				CE78089A2C89ED5B00BADE99 /* HashTable.swift in Sources */,
				CE600B8B2C97314200DC7D60 /* Tries.swift in Sources */,
				CE127CED2C83775F0051614B /* SceneDelegate.swift in Sources */,
				CED369082C94A44900B8B1F2 /* Dijkstra.swift in Sources */,
			);
			runOnlyForDeploymentPostprocessing = 0;
		};
/* End PBXSourcesBuildPhase section */

/* Begin PBXVariantGroup section */
		CE127CF02C83775F0051614B /* Main.storyboard */ = {
			isa = PBXVariantGroup;
			children = (
				CE127CF12C83775F0051614B /* Base */,
			);
			name = Main.storyboard;
			sourceTree = "<group>";
		};
		CE127CF52C8377620051614B /* LaunchScreen.storyboard */ = {
			isa = PBXVariantGroup;
			children = (
				CE127CF62C8377620051614B /* Base */,
			);
			name = LaunchScreen.storyboard;
			sourceTree = "<group>";
		};
/* End PBXVariantGroup section */

/* Begin XCBuildConfiguration section */
		CE127CF92C8377620051614B /* Debug */ = {
			isa = XCBuildConfiguration;
			buildSettings = {
				ALWAYS_SEARCH_USER_PATHS = NO;
				ASSETCATALOG_COMPILER_GENERATE_SWIFT_ASSET_SYMBOL_EXTENSIONS = YES;
				CLANG_ANALYZER_NONNULL = YES;
				CLANG_ANALYZER_NUMBER_OBJECT_CONVERSION = YES_AGGRESSIVE;
				CLANG_CXX_LANGUAGE_STANDARD = "gnu++20";
				CLANG_ENABLE_MODULES = YES;
				CLANG_ENABLE_OBJC_ARC = YES;
				CLANG_ENABLE_OBJC_WEAK = YES;
				CLANG_WARN_BLOCK_CAPTURE_AUTORELEASING = YES;
				CLANG_WARN_BOOL_CONVERSION = YES;
				CLANG_WARN_COMMA = YES;
				CLANG_WARN_CONSTANT_CONVERSION = YES;
				CLANG_WARN_DEPRECATED_OBJC_IMPLEMENTATIONS = YES;
				CLANG_WARN_DIRECT_OBJC_ISA_USAGE = YES_ERROR;
				CLANG_WARN_DOCUMENTATION_COMMENTS = YES;
				CLANG_WARN_EMPTY_BODY = YES;
				CLANG_WARN_ENUM_CONVERSION = YES;
				CLANG_WARN_INFINITE_RECURSION = YES;
				CLANG_WARN_INT_CONVERSION = YES;
				CLANG_WARN_NON_LITERAL_NULL_CONVERSION = YES;
				CLANG_WARN_OBJC_IMPLICIT_RETAIN_SELF = YES;
				CLANG_WARN_OBJC_LITERAL_CONVERSION = YES;
				CLANG_WARN_OBJC_ROOT_CLASS = YES_ERROR;
				CLANG_WARN_QUOTED_INCLUDE_IN_FRAMEWORK_HEADER = YES;
				CLANG_WARN_RANGE_LOOP_ANALYSIS = YES;
				CLANG_WARN_STRICT_PROTOTYPES = YES;
				CLANG_WARN_SUSPICIOUS_MOVE = YES;
				CLANG_WARN_UNGUARDED_AVAILABILITY = YES_AGGRESSIVE;
				CLANG_WARN_UNREACHABLE_CODE = YES;
				CLANG_WARN__DUPLICATE_METHOD_MATCH = YES;
				COPY_PHASE_STRIP = NO;
				DEBUG_INFORMATION_FORMAT = dwarf;
				ENABLE_STRICT_OBJC_MSGSEND = YES;
				ENABLE_TESTABILITY = YES;
				ENABLE_USER_SCRIPT_SANDBOXING = YES;
				GCC_C_LANGUAGE_STANDARD = gnu17;
				GCC_DYNAMIC_NO_PIC = NO;
				GCC_NO_COMMON_BLOCKS = YES;
				GCC_OPTIMIZATION_LEVEL = 0;
				GCC_PREPROCESSOR_DEFINITIONS = (
					"DEBUG=1",
					"$(inherited)",
				);
				GCC_WARN_64_TO_32_BIT_CONVERSION = YES;
				GCC_WARN_ABOUT_RETURN_TYPE = YES_ERROR;
				GCC_WARN_UNDECLARED_SELECTOR = YES;
				GCC_WARN_UNINITIALIZED_AUTOS = YES_AGGRESSIVE;
				GCC_WARN_UNUSED_FUNCTION = YES;
				GCC_WARN_UNUSED_VARIABLE = YES;
				IPHONEOS_DEPLOYMENT_TARGET = 17.5;
				LOCALIZATION_PREFERS_STRING_CATALOGS = YES;
				MTL_ENABLE_DEBUG_INFO = INCLUDE_SOURCE;
				MTL_FAST_MATH = YES;
				ONLY_ACTIVE_ARCH = YES;
				SDKROOT = iphoneos;
				SWIFT_ACTIVE_COMPILATION_CONDITIONS = "DEBUG $(inherited)";
				SWIFT_OPTIMIZATION_LEVEL = "-Onone";
			};
			name = Debug;
		};
		CE127CFA2C8377620051614B /* Release */ = {
			isa = XCBuildConfiguration;
			buildSettings = {
				ALWAYS_SEARCH_USER_PATHS = NO;
				ASSETCATALOG_COMPILER_GENERATE_SWIFT_ASSET_SYMBOL_EXTENSIONS = YES;
				CLANG_ANALYZER_NONNULL = YES;
				CLANG_ANALYZER_NUMBER_OBJECT_CONVERSION = YES_AGGRESSIVE;
				CLANG_CXX_LANGUAGE_STANDARD = "gnu++20";
				CLANG_ENABLE_MODULES = YES;
				CLANG_ENABLE_OBJC_ARC = YES;
				CLANG_ENABLE_OBJC_WEAK = YES;
				CLANG_WARN_BLOCK_CAPTURE_AUTORELEASING = YES;
				CLANG_WARN_BOOL_CONVERSION = YES;
				CLANG_WARN_COMMA = YES;
				CLANG_WARN_CONSTANT_CONVERSION = YES;
				CLANG_WARN_DEPRECATED_OBJC_IMPLEMENTATIONS = YES;
				CLANG_WARN_DIRECT_OBJC_ISA_USAGE = YES_ERROR;
				CLANG_WARN_DOCUMENTATION_COMMENTS = YES;
				CLANG_WARN_EMPTY_BODY = YES;
				CLANG_WARN_ENUM_CONVERSION = YES;
				CLANG_WARN_INFINITE_RECURSION = YES;
				CLANG_WARN_INT_CONVERSION = YES;
				CLANG_WARN_NON_LITERAL_NULL_CONVERSION = YES;
				CLANG_WARN_OBJC_IMPLICIT_RETAIN_SELF = YES;
				CLANG_WARN_OBJC_LITERAL_CONVERSION = YES;
				CLANG_WARN_OBJC_ROOT_CLASS = YES_ERROR;
				CLANG_WARN_QUOTED_INCLUDE_IN_FRAMEWORK_HEADER = YES;
				CLANG_WARN_RANGE_LOOP_ANALYSIS = YES;
				CLANG_WARN_STRICT_PROTOTYPES = YES;
				CLANG_WARN_SUSPICIOUS_MOVE = YES;
				CLANG_WARN_UNGUARDED_AVAILABILITY = YES_AGGRESSIVE;
				CLANG_WARN_UNREACHABLE_CODE = YES;
				CLANG_WARN__DUPLICATE_METHOD_MATCH = YES;
				COPY_PHASE_STRIP = NO;
				DEBUG_INFORMATION_FORMAT = "dwarf-with-dsym";
				ENABLE_NS_ASSERTIONS = NO;
				ENABLE_STRICT_OBJC_MSGSEND = YES;
				ENABLE_USER_SCRIPT_SANDBOXING = YES;
				GCC_C_LANGUAGE_STANDARD = gnu17;
				GCC_NO_COMMON_BLOCKS = YES;
				GCC_WARN_64_TO_32_BIT_CONVERSION = YES;
				GCC_WARN_ABOUT_RETURN_TYPE = YES_ERROR;
				GCC_WARN_UNDECLARED_SELECTOR = YES;
				GCC_WARN_UNINITIALIZED_AUTOS = YES_AGGRESSIVE;
				GCC_WARN_UNUSED_FUNCTION = YES;
				GCC_WARN_UNUSED_VARIABLE = YES;
				IPHONEOS_DEPLOYMENT_TARGET = 17.5;
				LOCALIZATION_PREFERS_STRING_CATALOGS = YES;
				MTL_ENABLE_DEBUG_INFO = NO;
				MTL_FAST_MATH = YES;
				SDKROOT = iphoneos;
				SWIFT_COMPILATION_MODE = wholemodule;
				VALIDATE_PRODUCT = YES;
			};
			name = Release;
		};
		CE127CFC2C8377620051614B /* Debug */ = {
			isa = XCBuildConfiguration;
			buildSettings = {
				ASSETCATALOG_COMPILER_APPICON_NAME = AppIcon;
				ASSETCATALOG_COMPILER_GLOBAL_ACCENT_COLOR_NAME = AccentColor;
				CODE_SIGN_STYLE = Automatic;
				CURRENT_PROJECT_VERSION = 1;
				DEVELOPMENT_TEAM = DHRV689XUX;
				GENERATE_INFOPLIST_FILE = YES;
				INFOPLIST_FILE = DSA/Info.plist;
				INFOPLIST_KEY_UIApplicationSupportsIndirectInputEvents = YES;
				INFOPLIST_KEY_UILaunchStoryboardName = LaunchScreen;
				INFOPLIST_KEY_UIMainStoryboardFile = Main;
				INFOPLIST_KEY_UISupportedInterfaceOrientations_iPad = "UIInterfaceOrientationPortrait UIInterfaceOrientationPortraitUpsideDown UIInterfaceOrientationLandscapeLeft UIInterfaceOrientationLandscapeRight";
				INFOPLIST_KEY_UISupportedInterfaceOrientations_iPhone = "UIInterfaceOrientationPortrait UIInterfaceOrientationLandscapeLeft UIInterfaceOrientationLandscapeRight";
				LD_RUNPATH_SEARCH_PATHS = (
					"$(inherited)",
					"@executable_path/Frameworks",
				);
				MARKETING_VERSION = 1.0;
				PRODUCT_BUNDLE_IDENTIFIER = com.lostboy.DSA;
				PRODUCT_NAME = "$(TARGET_NAME)";
				SWIFT_EMIT_LOC_STRINGS = YES;
				SWIFT_VERSION = 5.0;
				TARGETED_DEVICE_FAMILY = "1,2";
			};
			name = Debug;
		};
		CE127CFD2C8377620051614B /* Release */ = {
			isa = XCBuildConfiguration;
			buildSettings = {
				ASSETCATALOG_COMPILER_APPICON_NAME = AppIcon;
				ASSETCATALOG_COMPILER_GLOBAL_ACCENT_COLOR_NAME = AccentColor;
				CODE_SIGN_STYLE = Automatic;
				CURRENT_PROJECT_VERSION = 1;
				DEVELOPMENT_TEAM = DHRV689XUX;
				GENERATE_INFOPLIST_FILE = YES;
				INFOPLIST_FILE = DSA/Info.plist;
				INFOPLIST_KEY_UIApplicationSupportsIndirectInputEvents = YES;
				INFOPLIST_KEY_UILaunchStoryboardName = LaunchScreen;
				INFOPLIST_KEY_UIMainStoryboardFile = Main;
				INFOPLIST_KEY_UISupportedInterfaceOrientations_iPad = "UIInterfaceOrientationPortrait UIInterfaceOrientationPortraitUpsideDown UIInterfaceOrientationLandscapeLeft UIInterfaceOrientationLandscapeRight";
				INFOPLIST_KEY_UISupportedInterfaceOrientations_iPhone = "UIInterfaceOrientationPortrait UIInterfaceOrientationLandscapeLeft UIInterfaceOrientationLandscapeRight";
				LD_RUNPATH_SEARCH_PATHS = (
					"$(inherited)",
					"@executable_path/Frameworks",
				);
				MARKETING_VERSION = 1.0;
				PRODUCT_BUNDLE_IDENTIFIER = com.lostboy.DSA;
				PRODUCT_NAME = "$(TARGET_NAME)";
				SWIFT_EMIT_LOC_STRINGS = YES;
				SWIFT_VERSION = 5.0;
				TARGETED_DEVICE_FAMILY = "1,2";
			};
			name = Release;
		};
/* End XCBuildConfiguration section */

/* Begin XCConfigurationList section */
		CE127CE22C83775F0051614B /* Build configuration list for PBXProject "DSA" */ = {
			isa = XCConfigurationList;
			buildConfigurations = (
				CE127CF92C8377620051614B /* Debug */,
				CE127CFA2C8377620051614B /* Release */,
			);
			defaultConfigurationIsVisible = 0;
			defaultConfigurationName = Release;
		};
		CE127CFB2C8377620051614B /* Build configuration list for PBXNativeTarget "DSA" */ = {
			isa = XCConfigurationList;
			buildConfigurations = (
				CE127CFC2C8377620051614B /* Debug */,
				CE127CFD2C8377620051614B /* Release */,
			);
			defaultConfigurationIsVisible = 0;
			defaultConfigurationName = Release;
		};
/* End XCConfigurationList section */
	};
	rootObject = CE127CDF2C83775F0051614B /* Project object */;
}
